# THIS IS AN AUTOGENERATED FILE. DO NOT EDIT THIS FILE DIRECTLY.
# yarn lockfile v1


"@owja/ioc@^1.0.1":
  version "1.0.1"
  resolved "https://registry.yarnpkg.com/@owja/ioc/-/ioc-1.0.1.tgz#42c736866dd642adb2cbf007563291ffe26efc74"

"@types/webpack-env@^1.16.3":
  version "1.16.3"
  resolved "https://registry.yarnpkg.com/@types/webpack-env/-/webpack-env-1.16.3.tgz#b776327a73e561b71e7881d0cd6d34a1424db86a"
